{
  "name": "homebridge-script2",
  "version": "1.0.0",
  "lockfileVersion": 3,
  "requires": true,
  "packages": {
    "": {
      "name": "homebridge-script2",
      "version": "1.0.0",
      "license": "MIT",
      "dependencies": {
        "@homebridge/plugin-ui-utils": "2.2.6",
        "chokidar": "5.0.0"
      },
      "engines": {
        "node": "^22.13.0 || ^24.0.0",
        "homebridge": "^1.8.0 || ^2.0.0"
      }
    },
    "node_modules/@homebridge/plugin-ui-utils": {
      "version": "2.2.6",
      "resolved": "https://registry.npmjs.org/@homebridge/plugin-ui-utils/-/plugin-ui-utils-2.2.6.tgz",
      "license": "MIT"
    },
    "node_modules/chokidar": {
      "version": "5.0.0",
      "resolved": "https://registry.npmjs.org/chokidar/-/chokidar-5.0.0.tgz",
      "license": "MIT",
      "dependencies": {
        "readdirp": "^5.0.0"
      },
      "engines": {
        "node": ">= 20.19.0"
      }
    },
    "node_modules/readdirp": {
      "version": "5.0.0",
      "resolved": "https://registry.npmjs.org/readdirp/-/readdirp-5.0.0.tgz",
      "license": "MIT",
      "engines": {
        "node": ">= 20.19.0"
      }
    }
  }
}
